
Microsoft Visual Studio Solution File, Format Version 12.00
# Visual Studio Version 16
VisualStudioVersion = 16.0.31515.178
MinimumVisualStudioVersion = 10.0.40219.1
Project("{FAE04EC0-301F-11D3-BF4B-00C04F79EFBC}") = "Exercicio_DAAM_16_08.Android", "Exercicio_DAAM_16_08\Exercicio_DAAM_16_08.Android\Exercicio_DAAM_16_08.Android.csproj", "{C6A21022-6262-4845-B6AC-E9054FD99A1A}"
EndProject
Project("{FAE04EC0-301F-11D3-BF4B-00C04F79EFBC}") = "Exercicio_DAAM_16_08.iOS", "Exercicio_DAAM_16_08\Exercicio_DAAM_16_08.iOS\Exercicio_DAAM_16_08.iOS.csproj", "{16D46F21-A404-40B8-AD78-F0A3864CB57B}"
EndProject
Project("{FAE04EC0-301F-11D3-BF4B-00C04F79EFBC}") = "Exercicio_DAAM_16_08", "Exercicio_DAAM_16_08\Exercicio_DAAM_16_08\Exercicio_DAAM_16_08.csproj", "{DD25A7EE-387D-40BF-8591-2E330E64D85A}"
EndProject
Global
	GlobalSection(SolutionConfigurationPlatforms) = preSolution
		Debug|Any CPU = Debug|Any CPU
		Debug|iPhone = Debug|iPhone
		Debug|iPhoneSimulator = Debug|iPhoneSimulator
		Release|Any CPU = Release|Any CPU
		Release|iPhone = Release|iPhone
		Release|iPhoneSimulator = Release|iPhoneSimulator
	EndGlobalSection
	GlobalSection(ProjectConfigurationPlatforms) = postSolution
		{C6A21022-6262-4845-B6AC-E9054FD99A1A}.Debug|Any CPU.ActiveCfg = Debug|Any CPU
		{C6A21022-6262-4845-B6AC-E9054FD99A1A}.Debug|Any CPU.Build.0 = Debug|Any CPU
		{C6A21022-6262-4845-B6AC-E9054FD99A1A}.Debug|Any CPU.Deploy.0 = Debug|Any CPU
		{C6A21022-6262-4845-B6AC-E9054FD99A1A}.Debug|iPhone.ActiveCfg = Debug|Any CPU
		{C6A21022-6262-4845-B6AC-E9054FD99A1A}.Debug|iPhone.Build.0 = Debug|Any CPU
		{C6A21022-6262-4845-B6AC-E9054FD99A1A}.Debug|iPhone.Deploy.0 = Debug|Any CPU
		{C6A21022-6262-4845-B6AC-E9054FD99A1A}.Debug|iPhoneSimulator.ActiveCfg = Debug|Any CPU
		{C6A21022-6262-4845-B6AC-E9054FD99A1A}.Debug|iPhoneSimulator.Build.0 = Debug|Any CPU
		{C6A21022-6262-4845-B6AC-E9054FD99A1A}.Debug|iPhoneSimulator.Deploy.0 = Debug|Any CPU
		{C6A21022-6262-4845-B6AC-E9054FD99A1A}.Release|Any CPU.ActiveCfg = Release|Any CPU
		{C6A21022-6262-4845-B6AC-E9054FD99A1A}.Release|Any CPU.Build.0 = Release|Any CPU
		{C6A21022-6262-4845-B6AC-E9054FD99A1A}.Release|Any CPU.Deploy.0 = Release|Any CPU
		{C6A21022-6262-4845-B6AC-E9054FD99A1A}.Release|iPhone.ActiveCfg = Release|Any CPU
		{C6A21022-6262-4845-B6AC-E9054FD99A1A}.Release|iPhone.Build.0 = Release|Any CPU
		{C6A21022-6262-4845-B6AC-E9054FD99A1A}.Release|iPhone.Deploy.0 = Release|Any CPU
		{C6A21022-6262-4845-B6AC-E9054FD99A1A}.Release|iPhoneSimulator.ActiveCfg = Release|Any CPU
		{C6A21022-6262-4845-B6AC-E9054FD99A1A}.Release|iPhoneSimulator.Build.0 = Release|Any CPU
		{C6A21022-6262-4845-B6AC-E9054FD99A1A}.Release|iPhoneSimulator.Deploy.0 = Release|Any CPU
		{16D46F21-A404-40B8-AD78-F0A3864CB57B}.Debug|Any CPU.ActiveCfg = Debug|iPhone
		{16D46F21-A404-40B8-AD78-F0A3864CB57B}.Debug|Any CPU.Build.0 = Debug|iPhone
		{16D46F21-A404-40B8-AD78-F0A3864CB57B}.Debug|Any CPU.Deploy.0 = Debug|iPhone
		{16D46F21-A404-40B8-AD78-F0A3864CB57B}.Debug|iPhone.ActiveCfg = Debug|iPhone
		{16D46F21-A404-40B8-AD78-F0A3864CB57B}.Debug|iPhone.Build.0 = Debug|iPhone
		{16D46F21-A404-40B8-AD78-F0A3864CB57B}.Debug|iPhone.Deploy.0 = Debug|iPhone
		{16D46F21-A404-40B8-AD78-F0A3864CB57B}.Debug|iPhoneSimulator.ActiveCfg = Debug|iPhoneSimulator
		{16D46F21-A404-40B8-AD78-F0A3864CB57B}.Debug|iPhoneSimulator.Build.0 = Debug|iPhoneSimulator
		{16D46F21-A404-40B8-AD78-F0A3864CB57B}.Debug|iPhoneSimulator.Deploy.0 = Debug|iPhoneSimulator
		{16D46F21-A404-40B8-AD78-F0A3864CB57B}.Release|Any CPU.ActiveCfg = Release|iPhoneSimulator
		{16D46F21-A404-40B8-AD78-F0A3864CB57B}.Release|Any CPU.Build.0 = Release|iPhoneSimulator
		{16D46F21-A404-40B8-AD78-F0A3864CB57B}.Release|Any CPU.Deploy.0 = Release|iPhoneSimulator
		{16D46F21-A404-40B8-AD78-F0A3864CB57B}.Release|iPhone.ActiveCfg = Release|iPhone
		{16D46F21-A404-40B8-AD78-F0A3864CB57B}.Release|iPhone.Build.0 = Release|iPhone
		{16D46F21-A404-40B8-AD78-F0A3864CB57B}.Release|iPhone.Deploy.0 = Release|iPhone
		{16D46F21-A404-40B8-AD78-F0A3864CB57B}.Release|iPhoneSimulator.ActiveCfg = Release|iPhoneSimulator
		{16D46F21-A404-40B8-AD78-F0A3864CB57B}.Release|iPhoneSimulator.Build.0 = Release|iPhoneSimulator
		{16D46F21-A404-40B8-AD78-F0A3864CB57B}.Release|iPhoneSimulator.Deploy.0 = Release|iPhoneSimulator
		{DD25A7EE-387D-40BF-8591-2E330E64D85A}.Debug|Any CPU.ActiveCfg = Debug|Any CPU
		{DD25A7EE-387D-40BF-8591-2E330E64D85A}.Debug|Any CPU.Build.0 = Debug|Any CPU
		{DD25A7EE-387D-40BF-8591-2E330E64D85A}.Debug|Any CPU.Deploy.0 = Debug|Any CPU
		{DD25A7EE-387D-40BF-8591-2E330E64D85A}.Debug|iPhone.ActiveCfg = Debug|Any CPU
		{DD25A7EE-387D-40BF-8591-2E330E64D85A}.Debug|iPhone.Build.0 = Debug|Any CPU
		{DD25A7EE-387D-40BF-8591-2E330E64D85A}.Debug|iPhone.Deploy.0 = Debug|Any CPU
		{DD25A7EE-387D-40BF-8591-2E330E64D85A}.Debug|iPhoneSimulator.ActiveCfg = Debug|Any CPU
		{DD25A7EE-387D-40BF-8591-2E330E64D85A}.Debug|iPhoneSimulator.Build.0 = Debug|Any CPU
		{DD25A7EE-387D-40BF-8591-2E330E64D85A}.Debug|iPhoneSimulator.Deploy.0 = Debug|Any CPU
		{DD25A7EE-387D-40BF-8591-2E330E64D85A}.Release|Any CPU.ActiveCfg = Release|Any CPU
		{DD25A7EE-387D-40BF-8591-2E330E64D85A}.Release|Any CPU.Build.0 = Release|Any CPU
		{DD25A7EE-387D-40BF-8591-2E330E64D85A}.Release|Any CPU.Deploy.0 = Release|Any CPU
		{DD25A7EE-387D-40BF-8591-2E330E64D85A}.Release|iPhone.ActiveCfg = Release|Any CPU
		{DD25A7EE-387D-40BF-8591-2E330E64D85A}.Release|iPhone.Build.0 = Release|Any CPU
		{DD25A7EE-387D-40BF-8591-2E330E64D85A}.Release|iPhone.Deploy.0 = Release|Any CPU
		{DD25A7EE-387D-40BF-8591-2E330E64D85A}.Release|iPhoneSimulator.ActiveCfg = Release|Any CPU
		{DD25A7EE-387D-40BF-8591-2E330E64D85A}.Release|iPhoneSimulator.Build.0 = Release|Any CPU
		{DD25A7EE-387D-40BF-8591-2E330E64D85A}.Release|iPhoneSimulator.Deploy.0 = Release|Any CPU
	EndGlobalSection
	GlobalSection(SolutionProperties) = preSolution
		HideSolutionNode = FALSE
	EndGlobalSection
	GlobalSection(ExtensibilityGlobals) = postSolution
		SolutionGuid = {3FCC5D63-5184-4791-AF93-2F88CDBBC1AF}
	EndGlobalSection
EndGlobal
